// !$*UTF8*$!
{
	archiveVersion = 1;
	classes = {
	};
	objectVersion = 50;
	objects = {

/* Begin PBXBuildFile section */
		1750E223252C5FBD00CB2D4B /* NetworkClient.swift in Sources */ = {isa = PBXBuildFile; fileRef = 1750E222252C5FBD00CB2D4B /* NetworkClient.swift */; };
		1750E226252C605D00CB2D4B /* Config.xcconfig in Resources */ = {isa = PBXBuildFile; fileRef = 1750E225252C605D00CB2D4B /* Config.xcconfig */; };
		1750E234252C723500CB2D4B /* LocalConfig.xcconfig in Resources */ = {isa = PBXBuildFile; fileRef = 1750E233252C723500CB2D4B /* LocalConfig.xcconfig */; };
		1788357D252CA6AA000279A1 /* MyRadioModel.swift in Sources */ = {isa = PBXBuildFile; fileRef = 1788357C252CA6AA000279A1 /* MyRadioModel.swift */; };
		17883587252CB9C3000279A1 /* BusinessUnit.swift in Sources */ = {isa = PBXBuildFile; fileRef = 17883586252CB9C3000279A1 /* BusinessUnit.swift */; };
		1788358B252CBE50000279A1 /* API.swift in Sources */ = {isa = PBXBuildFile; fileRef = 1788358A252CBE50000279A1 /* API.swift */; };
		1788358E252CBF8C000279A1 /* Livestream.swift in Sources */ = {isa = PBXBuildFile; fileRef = 1788358D252CBF8C000279A1 /* Livestream.swift */; };
		17DA93D4252C56500076EBB2 /* MyRadioApp.swift in Sources */ = {isa = PBXBuildFile; fileRef = 17DA93D3252C56500076EBB2 /* MyRadioApp.swift */; };
		17DA93D6252C56500076EBB2 /* ContentView.swift in Sources */ = {isa = PBXBuildFile; fileRef = 17DA93D5252C56500076EBB2 /* ContentView.swift */; };
		17DA93D8252C56510076EBB2 /* Assets.xcassets in Resources */ = {isa = PBXBuildFile; fileRef = 17DA93D7252C56510076EBB2 /* Assets.xcassets */; };
		17DA93DB252C56510076EBB2 /* Preview Assets.xcassets in Resources */ = {isa = PBXBuildFile; fileRef = 17DA93DA252C56510076EBB2 /* Preview Assets.xcassets */; };
		17DA93EC252C58F50076EBB2 /* OAuthenticator.swift in Sources */ = {isa = PBXBuildFile; fileRef = 17DA93EB252C58F50076EBB2 /* OAuthenticator.swift */; };
		17DB7BDC252CC6FA004C4BF8 /* LivestreamRow.swift in Sources */ = {isa = PBXBuildFile; fileRef = 17DB7BDB252CC6FA004C4BF8 /* LivestreamRow.swift */; };
/* End PBXBuildFile section */

/* Begin PBXFileReference section */
		1750E222252C5FBD00CB2D4B /* NetworkClient.swift */ = {isa = PBXFileReference; lastKnownFileType = sourcecode.swift; path = NetworkClient.swift; sourceTree = "<group>"; };
		1750E225252C605D00CB2D4B /* Config.xcconfig */ = {isa = PBXFileReference; fileEncoding = 4; lastKnownFileType = text.xcconfig; path = Config.xcconfig; sourceTree = "<group>"; };
		1750E233252C723500CB2D4B /* LocalConfig.xcconfig */ = {isa = PBXFileReference; fileEncoding = 4; lastKnownFileType = text.xcconfig; path = LocalConfig.xcconfig; sourceTree = "<group>"; };
		1788357C252CA6AA000279A1 /* MyRadioModel.swift */ = {isa = PBXFileReference; lastKnownFileType = sourcecode.swift; path = MyRadioModel.swift; sourceTree = "<group>"; };
		17883586252CB9C3000279A1 /* BusinessUnit.swift */ = {isa = PBXFileReference; lastKnownFileType = sourcecode.swift; path = BusinessUnit.swift; sourceTree = "<group>"; };
		1788358A252CBE50000279A1 /* API.swift */ = {isa = PBXFileReference; lastKnownFileType = sourcecode.swift; path = API.swift; sourceTree = "<group>"; };
		1788358D252CBF8C000279A1 /* Livestream.swift */ = {isa = PBXFileReference; fileEncoding = 4; lastKnownFileType = sourcecode.swift; path = Livestream.swift; sourceTree = "<group>"; };
		17DA93D0252C56500076EBB2 /* MyRadio.app */ = {isa = PBXFileReference; explicitFileType = wrapper.application; includeInIndex = 0; path = MyRadio.app; sourceTree = BUILT_PRODUCTS_DIR; };
		17DA93D3252C56500076EBB2 /* MyRadioApp.swift */ = {isa = PBXFileReference; lastKnownFileType = sourcecode.swift; path = MyRadioApp.swift; sourceTree = "<group>"; };
		17DA93D5252C56500076EBB2 /* ContentView.swift */ = {isa = PBXFileReference; lastKnownFileType = sourcecode.swift; path = ContentView.swift; sourceTree = "<group>"; };
		17DA93D7252C56510076EBB2 /* Assets.xcassets */ = {isa = PBXFileReference; lastKnownFileType = folder.assetcatalog; path = Assets.xcassets; sourceTree = "<group>"; };
		17DA93DA252C56510076EBB2 /* Preview Assets.xcassets */ = {isa = PBXFileReference; lastKnownFileType = folder.assetcatalog; path = "Preview Assets.xcassets"; sourceTree = "<group>"; };
		17DA93DC252C56510076EBB2 /* Info.plist */ = {isa = PBXFileReference; lastKnownFileType = text.plist.xml; path = Info.plist; sourceTree = "<group>"; };
		17DA93EB252C58F50076EBB2 /* OAuthenticator.swift */ = {isa = PBXFileReference; lastKnownFileType = sourcecode.swift; path = OAuthenticator.swift; sourceTree = "<group>"; };
		17DB7BDB252CC6FA004C4BF8 /* LivestreamRow.swift */ = {isa = PBXFileReference; lastKnownFileType = sourcecode.swift; path = LivestreamRow.swift; sourceTree = "<group>"; };
/* End PBXFileReference section */

/* Begin PBXFrameworksBuildPhase section */
		17DA93CD252C56500076EBB2 /* Frameworks */ = {
			isa = PBXFrameworksBuildPhase;
			buildActionMask = 2147483647;
			files = (
			);
			runOnlyForDeploymentPostprocessing = 0;
		};
/* End PBXFrameworksBuildPhase section */

/* Begin PBXGroup section */
		1750E230252C716A00CB2D4B /* Networking */ = {
			isa = PBXGroup;
			children = (
				17DA93EB252C58F50076EBB2 /* OAuthenticator.swift */,
				1750E222252C5FBD00CB2D4B /* NetworkClient.swift */,
				1788358A252CBE50000279A1 /* API.swift */,
			);
			path = Networking;
			sourceTree = "<group>";
		};
		1750E231252C717500CB2D4B /* Model */ = {
			isa = PBXGroup;
			children = (
				1788357C252CA6AA000279A1 /* MyRadioModel.swift */,
				1788358D252CBF8C000279A1 /* Livestream.swift */,
				17883586252CB9C3000279A1 /* BusinessUnit.swift */,
			);
			path = Model;
			sourceTree = "<group>";
		};
		17DA93C7252C56500076EBB2 = {
			isa = PBXGroup;
			children = (
				1750E225252C605D00CB2D4B /* Config.xcconfig */,
				1750E233252C723500CB2D4B /* LocalConfig.xcconfig */,
				17DA93D2252C56500076EBB2 /* MyRadio */,
				17DA93D1252C56500076EBB2 /* Products */,
			);
			sourceTree = "<group>";
		};
		17DA93D1252C56500076EBB2 /* Products */ = {
			isa = PBXGroup;
			children = (
				17DA93D0252C56500076EBB2 /* MyRadio.app */,
			);
			name = Products;
			sourceTree = "<group>";
		};
		17DA93D2252C56500076EBB2 /* MyRadio */ = {
			isa = PBXGroup;
			children = (
				17DA93D3252C56500076EBB2 /* MyRadioApp.swift */,
				17DA93D5252C56500076EBB2 /* ContentView.swift */,
				17DB7BDB252CC6FA004C4BF8 /* LivestreamRow.swift */,
				1750E230252C716A00CB2D4B /* Networking */,
				1750E231252C717500CB2D4B /* Model */,
				17DA93D7252C56510076EBB2 /* Assets.xcassets */,
				17DA93DC252C56510076EBB2 /* Info.plist */,
				17DA93D9252C56510076EBB2 /* Preview Content */,
			);
			path = MyRadio;
			sourceTree = "<group>";
		};
		17DA93D9252C56510076EBB2 /* Preview Content */ = {
			isa = PBXGroup;
			children = (
				17DA93DA252C56510076EBB2 /* Preview Assets.xcassets */,
			);
			path = "Preview Content";
			sourceTree = "<group>";
		};
/* End PBXGroup section */

/* Begin PBXNativeTarget section */
		17DA93CF252C56500076EBB2 /* MyRadio */ = {
			isa = PBXNativeTarget;
			buildConfigurationList = 17DA93DF252C56510076EBB2 /* Build configuration list for PBXNativeTarget "MyRadio" */;
			buildPhases = (
				17DA93CC252C56500076EBB2 /* Sources */,
				17DA93CD252C56500076EBB2 /* Frameworks */,
				17DA93CE252C56500076EBB2 /* Resources */,
			);
			buildRules = (
			);
			dependencies = (
			);
			name = MyRadio;
			productName = MyRadio;
			productReference = 17DA93D0252C56500076EBB2 /* MyRadio.app */;
			productType = "com.apple.product-type.application";
		};
/* End PBXNativeTarget section */

/* Begin PBXProject section */
		17DA93C8252C56500076EBB2 /* Project object */ = {
			isa = PBXProject;
			attributes = {
				LastSwiftUpdateCheck = 1200;
				LastUpgradeCheck = 1200;
				TargetAttributes = {
					17DA93CF252C56500076EBB2 = {
						CreatedOnToolsVersion = 12.0;
					};
				};
			};
			buildConfigurationList = 17DA93CB252C56500076EBB2 /* Build configuration list for PBXProject "MyRadio" */;
			compatibilityVersion = "Xcode 9.3";
			developmentRegion = en;
			hasScannedForEncodings = 0;
			knownRegions = (
				en,
				Base,
			);
			mainGroup = 17DA93C7252C56500076EBB2;
			productRefGroup = 17DA93D1252C56500076EBB2 /* Products */;
			projectDirPath = "";
			projectRoot = "";
			targets = (
				17DA93CF252C56500076EBB2 /* MyRadio */,
			);
		};
/* End PBXProject section */

/* Begin PBXResourcesBuildPhase section */
		17DA93CE252C56500076EBB2 /* Resources */ = {
			isa = PBXResourcesBuildPhase;
			buildActionMask = 2147483647;
			files = (
				1750E226252C605D00CB2D4B /* Config.xcconfig in Resources */,
				1750E234252C723500CB2D4B /* LocalConfig.xcconfig in Resources */,
				17DA93DB252C56510076EBB2 /* Preview Assets.xcassets in Resources */,
				17DA93D8252C56510076EBB2 /* Assets.xcassets in Resources */,
			);
			runOnlyForDeploymentPostprocessing = 0;
		};
/* End PBXResourcesBuildPhase section */

/* Begin PBXSourcesBuildPhase section */
		17DA93CC252C56500076EBB2 /* Sources */ = {
			isa = PBXSourcesBuildPhase;
			buildActionMask = 2147483647;
			files = (
				17DA93D6252C56500076EBB2 /* ContentView.swift in Sources */,
				17DA93EC252C58F50076EBB2 /* OAuthenticator.swift in Sources */,
				17DA93D4252C56500076EBB2 /* MyRadioApp.swift in Sources */,
				1750E223252C5FBD00CB2D4B /* NetworkClient.swift in Sources */,
				1788358E252CBF8C000279A1 /* Livestream.swift in Sources */,
				17DB7BDC252CC6FA004C4BF8 /* LivestreamRow.swift in Sources */,
				17883587252CB9C3000279A1 /* BusinessUnit.swift in Sources */,
				1788358B252CBE50000279A1 /* API.swift in Sources */,
				1788357D252CA6AA000279A1 /* MyRadioModel.swift in Sources */,
			);
			runOnlyForDeploymentPostprocessing = 0;
		};
/* End PBXSourcesBuildPhase section */

/* Begin XCBuildConfiguration section */
		17DA93DD252C56510076EBB2 /* Debug */ = {
			isa = XCBuildConfiguration;
			baseConfigurationReference = 1750E225252C605D00CB2D4B /* Config.xcconfig */;
			buildSettings = {
				ALWAYS_SEARCH_USER_PATHS = NO;
				CLANG_ANALYZER_NONNULL = YES;
				CLANG_ANALYZER_NUMBER_OBJECT_CONVERSION = YES_AGGRESSIVE;
				CLANG_CXX_LANGUAGE_STANDARD = "gnu++14";
				CLANG_CXX_LIBRARY = "libc++";
				CLANG_ENABLE_MODULES = YES;
				CLANG_ENABLE_OBJC_ARC = YES;
				CLANG_ENABLE_OBJC_WEAK = YES;
				CLANG_WARN_BLOCK_CAPTURE_AUTORELEASING = YES;
				CLANG_WARN_BOOL_CONVERSION = YES;
				CLANG_WARN_COMMA = YES;
				CLANG_WARN_CONSTANT_CONVERSION = YES;
				CLANG_WARN_DEPRECATED_OBJC_IMPLEMENTATIONS = YES;
				CLANG_WARN_DIRECT_OBJC_ISA_USAGE = YES_ERROR;
				CLANG_WARN_DOCUMENTATION_COMMENTS = YES;
				CLANG_WARN_EMPTY_BODY = YES;
				CLANG_WARN_ENUM_CONVERSION = YES;
				CLANG_WARN_INFINITE_RECURSION = YES;
				CLANG_WARN_INT_CONVERSION = YES;
				CLANG_WARN_NON_LITERAL_NULL_CONVERSION = YES;
				CLANG_WARN_OBJC_IMPLICIT_RETAIN_SELF = YES;
				CLANG_WARN_OBJC_LITERAL_CONVERSION = YES;
				CLANG_WARN_OBJC_ROOT_CLASS = YES_ERROR;
				CLANG_WARN_QUOTED_INCLUDE_IN_FRAMEWORK_HEADER = YES;
				CLANG_WARN_RANGE_LOOP_ANALYSIS = YES;
				CLANG_WARN_STRICT_PROTOTYPES = YES;
				CLANG_WARN_SUSPICIOUS_MOVE = YES;
				CLANG_WARN_UNGUARDED_AVAILABILITY = YES_AGGRESSIVE;
				CLANG_WARN_UNREACHABLE_CODE = YES;
				CLANG_WARN__DUPLICATE_METHOD_MATCH = YES;
				COPY_PHASE_STRIP = NO;
				DEBUG_INFORMATION_FORMAT = dwarf;
				ENABLE_STRICT_OBJC_MSGSEND = YES;
				ENABLE_TESTABILITY = YES;
				GCC_C_LANGUAGE_STANDARD = gnu11;
				GCC_DYNAMIC_NO_PIC = NO;
				GCC_NO_COMMON_BLOCKS = YES;
				GCC_OPTIMIZATION_LEVEL = 0;
				GCC_PREPROCESSOR_DEFINITIONS = (
					"DEBUG=1",
					"$(inherited)",
				);
				GCC_WARN_64_TO_32_BIT_CONVERSION = YES;
				GCC_WARN_ABOUT_RETURN_TYPE = YES_ERROR;
				GCC_WARN_UNDECLARED_SELECTOR = YES;
				GCC_WARN_UNINITIALIZED_AUTOS = YES_AGGRESSIVE;
				GCC_WARN_UNUSED_FUNCTION = YES;
				GCC_WARN_UNUSED_VARIABLE = YES;
				IPHONEOS_DEPLOYMENT_TARGET = 14.0;
				MTL_ENABLE_DEBUG_INFO = INCLUDE_SOURCE;
				MTL_FAST_MATH = YES;
				ONLY_ACTIVE_ARCH = YES;
				SDKROOT = iphoneos;
				SWIFT_ACTIVE_COMPILATION_CONDITIONS = DEBUG;
				SWIFT_OPTIMIZATION_LEVEL = "-Onone";
			};
			name = Debug;
		};
		17DA93DE252C56510076EBB2 /* Release */ = {
			isa = XCBuildConfiguration;
			baseConfigurationReference = 1750E225252C605D00CB2D4B /* Config.xcconfig */;
			buildSettings = {
				ALWAYS_SEARCH_USER_PATHS = NO;
				CLANG_ANALYZER_NONNULL = YES;
				CLANG_ANALYZER_NUMBER_OBJECT_CONVERSION = YES_AGGRESSIVE;
				CLANG_CXX_LANGUAGE_STANDARD = "gnu++14";
				CLANG_CXX_LIBRARY = "libc++";
				CLANG_ENABLE_MODULES = YES;
				CLANG_ENABLE_OBJC_ARC = YES;
				CLANG_ENABLE_OBJC_WEAK = YES;
				CLANG_WARN_BLOCK_CAPTURE_AUTORELEASING = YES;
				CLANG_WARN_BOOL_CONVERSION = YES;
				CLANG_WARN_COMMA = YES;
				CLANG_WARN_CONSTANT_CONVERSION = YES;
				CLANG_WARN_DEPRECATED_OBJC_IMPLEMENTATIONS = YES;
				CLANG_WARN_DIRECT_OBJC_ISA_USAGE = YES_ERROR;
				CLANG_WARN_DOCUMENTATION_COMMENTS = YES;
				CLANG_WARN_EMPTY_BODY = YES;
				CLANG_WARN_ENUM_CONVERSION = YES;
				CLANG_WARN_INFINITE_RECURSION = YES;
				CLANG_WARN_INT_CONVERSION = YES;
				CLANG_WARN_NON_LITERAL_NULL_CONVERSION = YES;
				CLANG_WARN_OBJC_IMPLICIT_RETAIN_SELF = YES;
				CLANG_WARN_OBJC_LITERAL_CONVERSION = YES;
				CLANG_WARN_OBJC_ROOT_CLASS = YES_ERROR;
				CLANG_WARN_QUOTED_INCLUDE_IN_FRAMEWORK_HEADER = YES;
				CLANG_WARN_RANGE_LOOP_ANALYSIS = YES;
				CLANG_WARN_STRICT_PROTOTYPES = YES;
				CLANG_WARN_SUSPICIOUS_MOVE = YES;
				CLANG_WARN_UNGUARDED_AVAILABILITY = YES_AGGRESSIVE;
				CLANG_WARN_UNREACHABLE_CODE = YES;
				CLANG_WARN__DUPLICATE_METHOD_MATCH = YES;
				COPY_PHASE_STRIP = NO;
				DEBUG_INFORMATION_FORMAT = "dwarf-with-dsym";
				ENABLE_NS_ASSERTIONS = NO;
				ENABLE_STRICT_OBJC_MSGSEND = YES;
				GCC_C_LANGUAGE_STANDARD = gnu11;
				GCC_NO_COMMON_BLOCKS = YES;
				GCC_WARN_64_TO_32_BIT_CONVERSION = YES;
				GCC_WARN_ABOUT_RETURN_TYPE = YES_ERROR;
				GCC_WARN_UNDECLARED_SELECTOR = YES;
				GCC_WARN_UNINITIALIZED_AUTOS = YES_AGGRESSIVE;
				GCC_WARN_UNUSED_FUNCTION = YES;
				GCC_WARN_UNUSED_VARIABLE = YES;
				IPHONEOS_DEPLOYMENT_TARGET = 14.0;
				MTL_ENABLE_DEBUG_INFO = NO;
				MTL_FAST_MATH = YES;
				SDKROOT = iphoneos;
				SWIFT_COMPILATION_MODE = wholemodule;
				SWIFT_OPTIMIZATION_LEVEL = "-O";
				VALIDATE_PRODUCT = YES;
			};
			name = Release;
		};
		17DA93E0252C56510076EBB2 /* Debug */ = {
			isa = XCBuildConfiguration;
			buildSettings = {
				ASSETCATALOG_COMPILER_APPICON_NAME = AppIcon;
				ASSETCATALOG_COMPILER_GLOBAL_ACCENT_COLOR_NAME = AccentColor;
				CODE_SIGN_STYLE = Automatic;
				DEVELOPMENT_ASSET_PATHS = "\"MyRadio/Preview Content\"";
				DEVELOPMENT_TEAM = P8CC95REUG;
				ENABLE_PREVIEWS = YES;
				INFOPLIST_FILE = MyRadio/Info.plist;
				IPHONEOS_DEPLOYMENT_TARGET = 14.0;
				LD_RUNPATH_SEARCH_PATHS = (
					"$(inherited)",
					"@executable_path/Frameworks",
				);
				PRODUCT_BUNDLE_IDENTIFIER = "$(PRODUCT_BUNDLE_IDENTIFIER)_iOSApp";
				PRODUCT_NAME = "$(TARGET_NAME)";
				SWIFT_VERSION = 5.0;
				TARGETED_DEVICE_FAMILY = "1,2";
			};
			name = Debug;
		};
		17DA93E1252C56510076EBB2 /* Release */ = {
			isa = XCBuildConfiguration;
			buildSettings = {
				ASSETCATALOG_COMPILER_APPICON_NAME = AppIcon;
				ASSETCATALOG_COMPILER_GLOBAL_ACCENT_COLOR_NAME = AccentColor;
				CODE_SIGN_STYLE = Automatic;
				DEVELOPMENT_ASSET_PATHS = "\"MyRadio/Preview Content\"";
				DEVELOPMENT_TEAM = P8CC95REUG;
				ENABLE_PREVIEWS = YES;
				INFOPLIST_FILE = MyRadio/Info.plist;
				IPHONEOS_DEPLOYMENT_TARGET = 14.0;
				LD_RUNPATH_SEARCH_PATHS = (
					"$(inherited)",
					"@executable_path/Frameworks",
				);
				PRODUCT_BUNDLE_IDENTIFIER = "$(PRODUCT_BUNDLE_IDENTIFIER)_iOSApp";
				PRODUCT_NAME = "$(TARGET_NAME)";
				SWIFT_VERSION = 5.0;
				TARGETED_DEVICE_FAMILY = "1,2";
			};
			name = Release;
		};
/* End XCBuildConfiguration section */

/* Begin XCConfigurationList section */
		17DA93CB252C56500076EBB2 /* Build configuration list for PBXProject "MyRadio" */ = {
			isa = XCConfigurationList;
			buildConfigurations = (
				17DA93DD252C56510076EBB2 /* Debug */,
				17DA93DE252C56510076EBB2 /* Release */,
			);
			defaultConfigurationIsVisible = 0;
			defaultConfigurationName = Release;
		};
		17DA93DF252C56510076EBB2 /* Build configuration list for PBXNativeTarget "MyRadio" */ = {
			isa = XCConfigurationList;
			buildConfigurations = (
				17DA93E0252C56510076EBB2 /* Debug */,
				17DA93E1252C56510076EBB2 /* Release */,
			);
			defaultConfigurationIsVisible = 0;
			defaultConfigurationName = Release;
		};
/* End XCConfigurationList section */
	};
	rootObject = 17DA93C8252C56500076EBB2 /* Project object */;
}
